
Microsoft Visual Studio Solution File, Format Version 12.00
# Visual Studio Version 17
VisualStudioVersion = 17.7.34221.43
MinimumVisualStudioVersion = 10.0.40219.1
Project("{FAE04EC0-301F-11D3-BF4B-00C04F79EFBC}") = "project_8_2", "project_8_2.csproj", "{24F19DF8-D2A1-4762-9F0A-78A71CC6BDBD}"
EndProject
Global
	GlobalSection(SolutionConfigurationPlatforms) = preSolution
		Debug|Any CPU = Debug|Any CPU
		Release|Any CPU = Release|Any CPU
	EndGlobalSection
	GlobalSection(ProjectConfigurationPlatforms) = postSolution
		{24F19DF8-D2A1-4762-9F0A-78A71CC6BDBD}.Debug|Any CPU.ActiveCfg = Debug|Any CPU
		{24F19DF8-D2A1-4762-9F0A-78A71CC6BDBD}.Debug|Any CPU.Build.0 = Debug|Any CPU
		{24F19DF8-D2A1-4762-9F0A-78A71CC6BDBD}.Release|Any CPU.ActiveCfg = Release|Any CPU
		{24F19DF8-D2A1-4762-9F0A-78A71CC6BDBD}.Release|Any CPU.Build.0 = Release|Any CPU
	EndGlobalSection
	GlobalSection(SolutionProperties) = preSolution
		HideSolutionNode = FALSE
	EndGlobalSection
	GlobalSection(ExtensibilityGlobals) = postSolution
		SolutionGuid = {ADDD5602-422E-4DF5-902B-AA9F6B91BF31}
	EndGlobalSection
EndGlobal
