
Microsoft Visual Studio Solution File, Format Version 12.00
# Visual Studio Version 17
VisualStudioVersion = 17.8.34525.116
MinimumVisualStudioVersion = 10.0.40219.1
Project("{FAE04EC0-301F-11D3-BF4B-00C04F79EFBC}") = "project_parking_05_02", "project_parking_05_02.csproj", "{B814FA79-D401-457C-94C6-2B8873F5F823}"
EndProject
Global
	GlobalSection(SolutionConfigurationPlatforms) = preSolution
		Debug|Any CPU = Debug|Any CPU
		Release|Any CPU = Release|Any CPU
	EndGlobalSection
	GlobalSection(ProjectConfigurationPlatforms) = postSolution
		{B814FA79-D401-457C-94C6-2B8873F5F823}.Debug|Any CPU.ActiveCfg = Debug|Any CPU
		{B814FA79-D401-457C-94C6-2B8873F5F823}.Debug|Any CPU.Build.0 = Debug|Any CPU
		{B814FA79-D401-457C-94C6-2B8873F5F823}.Release|Any CPU.ActiveCfg = Release|Any CPU
		{B814FA79-D401-457C-94C6-2B8873F5F823}.Release|Any CPU.Build.0 = Release|Any CPU
	EndGlobalSection
	GlobalSection(SolutionProperties) = preSolution
		HideSolutionNode = FALSE
	EndGlobalSection
	GlobalSection(ExtensibilityGlobals) = postSolution
		SolutionGuid = {B17575B0-F85C-41BF-84D5-E1B24798787D}
	EndGlobalSection
EndGlobal
