
Microsoft Visual Studio Solution File, Format Version 12.00
# Visual Studio Version 17
VisualStudioVersion = 17.5.33530.505
MinimumVisualStudioVersion = 10.0.40219.1
Project("{FAE04EC0-301F-11D3-BF4B-00C04F79EFBC}") = "project_4_1", "project_4_1.csproj", "{B314C9FA-4E67-4D0D-983C-1B0B11865138}"
EndProject
Global
	GlobalSection(SolutionConfigurationPlatforms) = preSolution
		Debug|Any CPU = Debug|Any CPU
		Release|Any CPU = Release|Any CPU
	EndGlobalSection
	GlobalSection(ProjectConfigurationPlatforms) = postSolution
		{B314C9FA-4E67-4D0D-983C-1B0B11865138}.Debug|Any CPU.ActiveCfg = Debug|Any CPU
		{B314C9FA-4E67-4D0D-983C-1B0B11865138}.Debug|Any CPU.Build.0 = Debug|Any CPU
		{B314C9FA-4E67-4D0D-983C-1B0B11865138}.Release|Any CPU.ActiveCfg = Release|Any CPU
		{B314C9FA-4E67-4D0D-983C-1B0B11865138}.Release|Any CPU.Build.0 = Release|Any CPU
	EndGlobalSection
	GlobalSection(SolutionProperties) = preSolution
		HideSolutionNode = FALSE
	EndGlobalSection
	GlobalSection(ExtensibilityGlobals) = postSolution
		SolutionGuid = {B50FCA5B-8B43-4727-8569-D2960C5DB4FA}
	EndGlobalSection
EndGlobal
