
Microsoft Visual Studio Solution File, Format Version 12.00
# Visual Studio Version 17
VisualStudioVersion = 17.7.34202.233
MinimumVisualStudioVersion = 10.0.40219.1
Project("{FAE04EC0-301F-11D3-BF4B-00C04F79EFBC}") = "project_6", "project_6.csproj", "{73C392ED-9EC3-4C1D-96F1-C65BCC0C2A94}"
EndProject
Global
	GlobalSection(SolutionConfigurationPlatforms) = preSolution
		Debug|Any CPU = Debug|Any CPU
		Release|Any CPU = Release|Any CPU
	EndGlobalSection
	GlobalSection(ProjectConfigurationPlatforms) = postSolution
		{73C392ED-9EC3-4C1D-96F1-C65BCC0C2A94}.Debug|Any CPU.ActiveCfg = Debug|Any CPU
		{73C392ED-9EC3-4C1D-96F1-C65BCC0C2A94}.Debug|Any CPU.Build.0 = Debug|Any CPU
		{73C392ED-9EC3-4C1D-96F1-C65BCC0C2A94}.Release|Any CPU.ActiveCfg = Release|Any CPU
		{73C392ED-9EC3-4C1D-96F1-C65BCC0C2A94}.Release|Any CPU.Build.0 = Release|Any CPU
	EndGlobalSection
	GlobalSection(SolutionProperties) = preSolution
		HideSolutionNode = FALSE
	EndGlobalSection
	GlobalSection(ExtensibilityGlobals) = postSolution
		SolutionGuid = {7BA9FF21-14B4-4A21-BFA5-08A52CA3C79D}
	EndGlobalSection
EndGlobal
